
Microsoft Visual Studio Solution File, Format Version 12.00
# Visual Studio 14
VisualStudioVersion = 14.0.25420.1
MinimumVisualStudioVersion = 10.0.40219.1
Project("{FAE04EC0-301F-11D3-BF4B-00C04F79EFBC}") = "MT_V1.1", "MT_V1.1\MT_V1.1.csproj", "{F261D261-B1C1-4DAA-89EF-BC6C9DC3A139}"
EndProject
Project("{FAE04EC0-301F-11D3-BF4B-00C04F79EFBC}") = "miLibreria", "miLibreria\miLibreria.csproj", "{69B8B903-1FDE-4160-8A7C-C47F7D057405}"
EndProject
Global
	GlobalSection(SolutionConfigurationPlatforms) = preSolution
		Debug|Any CPU = Debug|Any CPU
		Release|Any CPU = Release|Any CPU
	EndGlobalSection
	GlobalSection(ProjectConfigurationPlatforms) = postSolution
		{F261D261-B1C1-4DAA-89EF-BC6C9DC3A139}.Debug|Any CPU.ActiveCfg = Debug|Any CPU
		{F261D261-B1C1-4DAA-89EF-BC6C9DC3A139}.Debug|Any CPU.Build.0 = Debug|Any CPU
		{F261D261-B1C1-4DAA-89EF-BC6C9DC3A139}.Release|Any CPU.ActiveCfg = Release|Any CPU
		{F261D261-B1C1-4DAA-89EF-BC6C9DC3A139}.Release|Any CPU.Build.0 = Release|Any CPU
		{69B8B903-1FDE-4160-8A7C-C47F7D057405}.Debug|Any CPU.ActiveCfg = Debug|Any CPU
		{69B8B903-1FDE-4160-8A7C-C47F7D057405}.Debug|Any CPU.Build.0 = Debug|Any CPU
		{69B8B903-1FDE-4160-8A7C-C47F7D057405}.Release|Any CPU.ActiveCfg = Release|Any CPU
		{69B8B903-1FDE-4160-8A7C-C47F7D057405}.Release|Any CPU.Build.0 = Release|Any CPU
	EndGlobalSection
	GlobalSection(SolutionProperties) = preSolution
		HideSolutionNode = FALSE
	EndGlobalSection
EndGlobal
